
Microsoft Visual Studio Solution File, Format Version 12.00
# Visual Studio Version 17
VisualStudioVersion = 17.5.002.0
MinimumVisualStudioVersion = 10.0.40219.1
Project("{2150E333-8FDC-42A3-9474-1A3956D46DE8}") = "HelloLambda", "HelloLambda", "{B5F5D2F4-217D-4495-ADAD-CBCC7885E188}"
EndProject
Project("{2150E333-8FDC-42A3-9474-1A3956D46DE8}") = "src", "src", "{D73D6B58-BC7A-413B-9501-6FF24DA9180E}"
EndProject
Project("{9A19103F-16F7-4668-BE54-9A1E7A4F7556}") = "HelloLambda", "HelloLambda\src\HelloLambda\HelloLambda.csproj", "{41E7AF8F-02D7-409C-9333-34AA4BE7071B}"
EndProject
Project("{2150E333-8FDC-42A3-9474-1A3956D46DE8}") = "test", "test", "{9AEF0305-4BDF-4683-A77A-DE748FDA6DE4}"
EndProject
Project("{9A19103F-16F7-4668-BE54-9A1E7A4F7556}") = "HelloLambda.Tests", "HelloLambda\test\HelloLambda.Tests\HelloLambda.Tests.csproj", "{C4587FE2-BB6B-40D7-9598-343FC9B49803}"
EndProject
Global
	GlobalSection(SolutionConfigurationPlatforms) = preSolution
		Debug|Any CPU = Debug|Any CPU
		Release|Any CPU = Release|Any CPU
	EndGlobalSection
	GlobalSection(ProjectConfigurationPlatforms) = postSolution
		{41E7AF8F-02D7-409C-9333-34AA4BE7071B}.Debug|Any CPU.ActiveCfg = Debug|Any CPU
		{41E7AF8F-02D7-409C-9333-34AA4BE7071B}.Debug|Any CPU.Build.0 = Debug|Any CPU
		{41E7AF8F-02D7-409C-9333-34AA4BE7071B}.Release|Any CPU.ActiveCfg = Release|Any CPU
		{41E7AF8F-02D7-409C-9333-34AA4BE7071B}.Release|Any CPU.Build.0 = Release|Any CPU
		{C4587FE2-BB6B-40D7-9598-343FC9B49803}.Debug|Any CPU.ActiveCfg = Debug|Any CPU
		{C4587FE2-BB6B-40D7-9598-343FC9B49803}.Debug|Any CPU.Build.0 = Debug|Any CPU
		{C4587FE2-BB6B-40D7-9598-343FC9B49803}.Release|Any CPU.ActiveCfg = Release|Any CPU
		{C4587FE2-BB6B-40D7-9598-343FC9B49803}.Release|Any CPU.Build.0 = Release|Any CPU
	EndGlobalSection
	GlobalSection(SolutionProperties) = preSolution
		HideSolutionNode = FALSE
	EndGlobalSection
	GlobalSection(NestedProjects) = preSolution
		{D73D6B58-BC7A-413B-9501-6FF24DA9180E} = {B5F5D2F4-217D-4495-ADAD-CBCC7885E188}
		{41E7AF8F-02D7-409C-9333-34AA4BE7071B} = {D73D6B58-BC7A-413B-9501-6FF24DA9180E}
		{9AEF0305-4BDF-4683-A77A-DE748FDA6DE4} = {B5F5D2F4-217D-4495-ADAD-CBCC7885E188}
		{C4587FE2-BB6B-40D7-9598-343FC9B49803} = {9AEF0305-4BDF-4683-A77A-DE748FDA6DE4}
	EndGlobalSection
	GlobalSection(ExtensibilityGlobals) = postSolution
		SolutionGuid = {4A3045F3-1B01-4CB0-BC17-C7B03B72D04B}
	EndGlobalSection
EndGlobal
